// !$*UTF8*$!
{
	archiveVersion = 1;
	classes = {
	};
	objectVersion = 56;
	objects = {

/* Begin PBXBuildFile section */
		AF9CDDC12B50F51A00E02DBF /* Fetch_RecipeApp.swift in Sources */ = {isa = PBXBuildFile; fileRef = AF9CDDC02B50F51A00E02DBF /* Fetch_RecipeApp.swift */; };
		AF9CDDC32B50F51A00E02DBF /* ContentView.swift in Sources */ = {isa = PBXBuildFile; fileRef = AF9CDDC22B50F51A00E02DBF /* ContentView.swift */; };
		AF9CDDC52B50F51D00E02DBF /* Assets.xcassets in Resources */ = {isa = PBXBuildFile; fileRef = AF9CDDC42B50F51D00E02DBF /* Assets.xcassets */; };
		AF9CDDC82B50F51D00E02DBF /* Preview Assets.xcassets in Resources */ = {isa = PBXBuildFile; fileRef = AF9CDDC72B50F51D00E02DBF /* Preview Assets.xcassets */; };
		AF9CDDD22B50F59F00E02DBF /* Dessert.swift in Sources */ = {isa = PBXBuildFile; fileRef = AF9CDDD12B50F59F00E02DBF /* Dessert.swift */; };
		AF9CDDD42B50F5E300E02DBF /* DessertViewVM.swift in Sources */ = {isa = PBXBuildFile; fileRef = AF9CDDD32B50F5E300E02DBF /* DessertViewVM.swift */; };
		AFF74B292B5191AB00EFF516 /* DessertView.swift in Sources */ = {isa = PBXBuildFile; fileRef = AFF74B282B5191AB00EFF516 /* DessertView.swift */; };
		AFF74B2B2B5191BA00EFF516 /* DessertRecipeView.swift in Sources */ = {isa = PBXBuildFile; fileRef = AFF74B2A2B5191BA00EFF516 /* DessertRecipeView.swift */; };
		AFF74B2D2B5191DF00EFF516 /* SettingsView.swift in Sources */ = {isa = PBXBuildFile; fileRef = AFF74B2C2B5191DF00EFF516 /* SettingsView.swift */; };
		AFF74B2F2B51923E00EFF516 /* TabBar.swift in Sources */ = {isa = PBXBuildFile; fileRef = AFF74B2E2B51923E00EFF516 /* TabBar.swift */; };
		AFF74B332B51966B00EFF516 /* DessertCardView.swift in Sources */ = {isa = PBXBuildFile; fileRef = AFF74B322B51966B00EFF516 /* DessertCardView.swift */; };
		AFF74B372B51C92B00EFF516 /* DessertDetail.swift in Sources */ = {isa = PBXBuildFile; fileRef = AFF74B362B51C92B00EFF516 /* DessertDetail.swift */; };
		AFF74B392B51CBDF00EFF516 /* DessertDetailVM.swift in Sources */ = {isa = PBXBuildFile; fileRef = AFF74B382B51CBDF00EFF516 /* DessertDetailVM.swift */; };
		AFF74B3B2B52EBF400EFF516 /* Ingredient.swift in Sources */ = {isa = PBXBuildFile; fileRef = AFF74B3A2B52EBF400EFF516 /* Ingredient.swift */; };
		AFF74B422B531F2B00EFF516 /* DessertDetail2.png in Resources */ = {isa = PBXBuildFile; fileRef = AFF74B3E2B531F2B00EFF516 /* DessertDetail2.png */; };
		AFF74B432B531F2B00EFF516 /* Dessert.png in Resources */ = {isa = PBXBuildFile; fileRef = AFF74B3F2B531F2B00EFF516 /* Dessert.png */; };
		AFF74B442B531F2B00EFF516 /* Dessert2.png in Resources */ = {isa = PBXBuildFile; fileRef = AFF74B402B531F2B00EFF516 /* Dessert2.png */; };
		AFF74B452B531F2B00EFF516 /* DessertDetail.png in Resources */ = {isa = PBXBuildFile; fileRef = AFF74B412B531F2B00EFF516 /* DessertDetail.png */; };
/* End PBXBuildFile section */

/* Begin PBXFileReference section */
		AF9CDDBD2B50F51A00E02DBF /* Fetch-Recipe.app */ = {isa = PBXFileReference; explicitFileType = wrapper.application; includeInIndex = 0; path = "Fetch-Recipe.app"; sourceTree = BUILT_PRODUCTS_DIR; };
		AF9CDDC02B50F51A00E02DBF /* Fetch_RecipeApp.swift */ = {isa = PBXFileReference; lastKnownFileType = sourcecode.swift; path = Fetch_RecipeApp.swift; sourceTree = "<group>"; };
		AF9CDDC22B50F51A00E02DBF /* ContentView.swift */ = {isa = PBXFileReference; lastKnownFileType = sourcecode.swift; path = ContentView.swift; sourceTree = "<group>"; };
		AF9CDDC42B50F51D00E02DBF /* Assets.xcassets */ = {isa = PBXFileReference; lastKnownFileType = folder.assetcatalog; path = Assets.xcassets; sourceTree = "<group>"; };
		AF9CDDC72B50F51D00E02DBF /* Preview Assets.xcassets */ = {isa = PBXFileReference; lastKnownFileType = folder.assetcatalog; path = "Preview Assets.xcassets"; sourceTree = "<group>"; };
		AF9CDDD12B50F59F00E02DBF /* Dessert.swift */ = {isa = PBXFileReference; lastKnownFileType = sourcecode.swift; path = Dessert.swift; sourceTree = "<group>"; };
		AF9CDDD32B50F5E300E02DBF /* DessertViewVM.swift */ = {isa = PBXFileReference; lastKnownFileType = sourcecode.swift; path = DessertViewVM.swift; sourceTree = "<group>"; };
		AFF74B282B5191AB00EFF516 /* DessertView.swift */ = {isa = PBXFileReference; lastKnownFileType = sourcecode.swift; path = DessertView.swift; sourceTree = "<group>"; };
		AFF74B2A2B5191BA00EFF516 /* DessertRecipeView.swift */ = {isa = PBXFileReference; lastKnownFileType = sourcecode.swift; path = DessertRecipeView.swift; sourceTree = "<group>"; };
		AFF74B2C2B5191DF00EFF516 /* SettingsView.swift */ = {isa = PBXFileReference; lastKnownFileType = sourcecode.swift; path = SettingsView.swift; sourceTree = "<group>"; };
		AFF74B2E2B51923E00EFF516 /* TabBar.swift */ = {isa = PBXFileReference; lastKnownFileType = sourcecode.swift; path = TabBar.swift; sourceTree = "<group>"; };
		AFF74B322B51966B00EFF516 /* DessertCardView.swift */ = {isa = PBXFileReference; lastKnownFileType = sourcecode.swift; path = DessertCardView.swift; sourceTree = "<group>"; };
		AFF74B362B51C92B00EFF516 /* DessertDetail.swift */ = {isa = PBXFileReference; lastKnownFileType = sourcecode.swift; path = DessertDetail.swift; sourceTree = "<group>"; };
		AFF74B382B51CBDF00EFF516 /* DessertDetailVM.swift */ = {isa = PBXFileReference; lastKnownFileType = sourcecode.swift; path = DessertDetailVM.swift; sourceTree = "<group>"; };
		AFF74B3A2B52EBF400EFF516 /* Ingredient.swift */ = {isa = PBXFileReference; lastKnownFileType = sourcecode.swift; path = Ingredient.swift; sourceTree = "<group>"; };
		AFF74B3E2B531F2B00EFF516 /* DessertDetail2.png */ = {isa = PBXFileReference; lastKnownFileType = image.png; path = DessertDetail2.png; sourceTree = "<group>"; };
		AFF74B3F2B531F2B00EFF516 /* Dessert.png */ = {isa = PBXFileReference; lastKnownFileType = image.png; path = Dessert.png; sourceTree = "<group>"; };
		AFF74B402B531F2B00EFF516 /* Dessert2.png */ = {isa = PBXFileReference; lastKnownFileType = image.png; path = Dessert2.png; sourceTree = "<group>"; };
		AFF74B412B531F2B00EFF516 /* DessertDetail.png */ = {isa = PBXFileReference; lastKnownFileType = image.png; path = DessertDetail.png; sourceTree = "<group>"; };
/* End PBXFileReference section */

/* Begin PBXFrameworksBuildPhase section */
		AF9CDDBA2B50F51A00E02DBF /* Frameworks */ = {
			isa = PBXFrameworksBuildPhase;
			buildActionMask = 2147483647;
			files = (
			);
			runOnlyForDeploymentPostprocessing = 0;
		};
/* End PBXFrameworksBuildPhase section */

/* Begin PBXGroup section */
		AF9CDDB42B50F51A00E02DBF = {
			isa = PBXGroup;
			children = (
				AF9CDDBF2B50F51A00E02DBF /* Fetch-Recipe */,
				AF9CDDBE2B50F51A00E02DBF /* Products */,
			);
			sourceTree = "<group>";
		};
		AF9CDDBE2B50F51A00E02DBF /* Products */ = {
			isa = PBXGroup;
			children = (
				AF9CDDBD2B50F51A00E02DBF /* Fetch-Recipe.app */,
			);
			name = Products;
			sourceTree = "<group>";
		};
		AF9CDDBF2B50F51A00E02DBF /* Fetch-Recipe */ = {
			isa = PBXGroup;
			children = (
				AFF74B3C2B531EA900EFF516 /* Other */,
				AF9CDDC02B50F51A00E02DBF /* Fetch_RecipeApp.swift */,
				AF9CDDCE2B50F54500E02DBF /* Models */,
				AF9CDDD02B50F55700E02DBF /* Views */,
				AF9CDDCF2B50F54D00E02DBF /* ViewModels */,
				AF9CDDC42B50F51D00E02DBF /* Assets.xcassets */,
				AF9CDDC62B50F51D00E02DBF /* Preview Content */,
			);
			path = "Fetch-Recipe";
			sourceTree = "<group>";
		};
		AF9CDDC62B50F51D00E02DBF /* Preview Content */ = {
			isa = PBXGroup;
			children = (
				AF9CDDC72B50F51D00E02DBF /* Preview Assets.xcassets */,
			);
			path = "Preview Content";
			sourceTree = "<group>";
		};
		AF9CDDCE2B50F54500E02DBF /* Models */ = {
			isa = PBXGroup;
			children = (
				AF9CDDD12B50F59F00E02DBF /* Dessert.swift */,
				AFF74B362B51C92B00EFF516 /* DessertDetail.swift */,
				AFF74B3A2B52EBF400EFF516 /* Ingredient.swift */,
			);
			path = Models;
			sourceTree = "<group>";
		};
		AF9CDDCF2B50F54D00E02DBF /* ViewModels */ = {
			isa = PBXGroup;
			children = (
				AF9CDDD32B50F5E300E02DBF /* DessertViewVM.swift */,
				AFF74B382B51CBDF00EFF516 /* DessertDetailVM.swift */,
			);
			path = ViewModels;
			sourceTree = "<group>";
		};
		AF9CDDD02B50F55700E02DBF /* Views */ = {
			isa = PBXGroup;
			children = (
				AFF74B312B51963500EFF516 /* Components */,
				AFF74B302B51962A00EFF516 /* Main */,
				AF9CDDC22B50F51A00E02DBF /* ContentView.swift */,
				AFF74B282B5191AB00EFF516 /* DessertView.swift */,
				AFF74B2A2B5191BA00EFF516 /* DessertRecipeView.swift */,
				AFF74B2C2B5191DF00EFF516 /* SettingsView.swift */,
				AFF74B2E2B51923E00EFF516 /* TabBar.swift */,
			);
			path = Views;
			sourceTree = "<group>";
		};
		AFF74B302B51962A00EFF516 /* Main */ = {
			isa = PBXGroup;
			children = (
			);
			path = Main;
			sourceTree = "<group>";
		};
		AFF74B312B51963500EFF516 /* Components */ = {
			isa = PBXGroup;
			children = (
				AFF74B322B51966B00EFF516 /* DessertCardView.swift */,
			);
			path = Components;
			sourceTree = "<group>";
		};
		AFF74B3C2B531EA900EFF516 /* Other */ = {
			isa = PBXGroup;
			children = (
				AFF74B3D2B531EB700EFF516 /* Screenshots */,
			);
			path = Other;
			sourceTree = "<group>";
		};
		AFF74B3D2B531EB700EFF516 /* Screenshots */ = {
			isa = PBXGroup;
			children = (
				AFF74B402B531F2B00EFF516 /* Dessert2.png */,
				AFF74B3E2B531F2B00EFF516 /* DessertDetail2.png */,
				AFF74B412B531F2B00EFF516 /* DessertDetail.png */,
				AFF74B3F2B531F2B00EFF516 /* Dessert.png */,
			);
			path = Screenshots;
			sourceTree = "<group>";
		};
/* End PBXGroup section */

/* Begin PBXNativeTarget section */
		AF9CDDBC2B50F51A00E02DBF /* Fetch-Recipe */ = {
			isa = PBXNativeTarget;
			buildConfigurationList = AF9CDDCB2B50F51D00E02DBF /* Build configuration list for PBXNativeTarget "Fetch-Recipe" */;
			buildPhases = (
				AF9CDDB92B50F51A00E02DBF /* Sources */,
				AF9CDDBA2B50F51A00E02DBF /* Frameworks */,
				AF9CDDBB2B50F51A00E02DBF /* Resources */,
			);
			buildRules = (
			);
			dependencies = (
			);
			name = "Fetch-Recipe";
			productName = "Fetch-Recipe";
			productReference = AF9CDDBD2B50F51A00E02DBF /* Fetch-Recipe.app */;
			productType = "com.apple.product-type.application";
		};
/* End PBXNativeTarget section */

/* Begin PBXProject section */
		AF9CDDB52B50F51A00E02DBF /* Project object */ = {
			isa = PBXProject;
			attributes = {
				BuildIndependentTargetsInParallel = 1;
				LastSwiftUpdateCheck = 1510;
				LastUpgradeCheck = 1510;
				TargetAttributes = {
					AF9CDDBC2B50F51A00E02DBF = {
						CreatedOnToolsVersion = 15.1;
					};
				};
			};
			buildConfigurationList = AF9CDDB82B50F51A00E02DBF /* Build configuration list for PBXProject "Fetch-Recipe" */;
			compatibilityVersion = "Xcode 14.0";
			developmentRegion = en;
			hasScannedForEncodings = 0;
			knownRegions = (
				en,
				Base,
			);
			mainGroup = AF9CDDB42B50F51A00E02DBF;
			productRefGroup = AF9CDDBE2B50F51A00E02DBF /* Products */;
			projectDirPath = "";
			projectRoot = "";
			targets = (
				AF9CDDBC2B50F51A00E02DBF /* Fetch-Recipe */,
			);
		};
/* End PBXProject section */

/* Begin PBXResourcesBuildPhase section */
		AF9CDDBB2B50F51A00E02DBF /* Resources */ = {
			isa = PBXResourcesBuildPhase;
			buildActionMask = 2147483647;
			files = (
				AFF74B452B531F2B00EFF516 /* DessertDetail.png in Resources */,
				AFF74B442B531F2B00EFF516 /* Dessert2.png in Resources */,
				AFF74B422B531F2B00EFF516 /* DessertDetail2.png in Resources */,
				AF9CDDC82B50F51D00E02DBF /* Preview Assets.xcassets in Resources */,
				AF9CDDC52B50F51D00E02DBF /* Assets.xcassets in Resources */,
				AFF74B432B531F2B00EFF516 /* Dessert.png in Resources */,
			);
			runOnlyForDeploymentPostprocessing = 0;
		};
/* End PBXResourcesBuildPhase section */

/* Begin PBXSourcesBuildPhase section */
		AF9CDDB92B50F51A00E02DBF /* Sources */ = {
			isa = PBXSourcesBuildPhase;
			buildActionMask = 2147483647;
			files = (
				AFF74B392B51CBDF00EFF516 /* DessertDetailVM.swift in Sources */,
				AFF74B3B2B52EBF400EFF516 /* Ingredient.swift in Sources */,
				AFF74B2D2B5191DF00EFF516 /* SettingsView.swift in Sources */,
				AF9CDDC32B50F51A00E02DBF /* ContentView.swift in Sources */,
				AFF74B2B2B5191BA00EFF516 /* DessertRecipeView.swift in Sources */,
				AFF74B2F2B51923E00EFF516 /* TabBar.swift in Sources */,
				AFF74B372B51C92B00EFF516 /* DessertDetail.swift in Sources */,
				AF9CDDD22B50F59F00E02DBF /* Dessert.swift in Sources */,
				AFF74B292B5191AB00EFF516 /* DessertView.swift in Sources */,
				AFF74B332B51966B00EFF516 /* DessertCardView.swift in Sources */,
				AF9CDDD42B50F5E300E02DBF /* DessertViewVM.swift in Sources */,
				AF9CDDC12B50F51A00E02DBF /* Fetch_RecipeApp.swift in Sources */,
			);
			runOnlyForDeploymentPostprocessing = 0;
		};
/* End PBXSourcesBuildPhase section */

/* Begin XCBuildConfiguration section */
		AF9CDDC92B50F51D00E02DBF /* Debug */ = {
			isa = XCBuildConfiguration;
			buildSettings = {
				ALWAYS_SEARCH_USER_PATHS = NO;
				ASSETCATALOG_COMPILER_GENERATE_SWIFT_ASSET_SYMBOL_EXTENSIONS = YES;
				CLANG_ANALYZER_NONNULL = YES;
				CLANG_ANALYZER_NUMBER_OBJECT_CONVERSION = YES_AGGRESSIVE;
				CLANG_CXX_LANGUAGE_STANDARD = "gnu++20";
				CLANG_ENABLE_MODULES = YES;
				CLANG_ENABLE_OBJC_ARC = YES;
				CLANG_ENABLE_OBJC_WEAK = YES;
				CLANG_WARN_BLOCK_CAPTURE_AUTORELEASING = YES;
				CLANG_WARN_BOOL_CONVERSION = YES;
				CLANG_WARN_COMMA = YES;
				CLANG_WARN_CONSTANT_CONVERSION = YES;
				CLANG_WARN_DEPRECATED_OBJC_IMPLEMENTATIONS = YES;
				CLANG_WARN_DIRECT_OBJC_ISA_USAGE = YES_ERROR;
				CLANG_WARN_DOCUMENTATION_COMMENTS = YES;
				CLANG_WARN_EMPTY_BODY = YES;
				CLANG_WARN_ENUM_CONVERSION = YES;
				CLANG_WARN_INFINITE_RECURSION = YES;
				CLANG_WARN_INT_CONVERSION = YES;
				CLANG_WARN_NON_LITERAL_NULL_CONVERSION = YES;
				CLANG_WARN_OBJC_IMPLICIT_RETAIN_SELF = YES;
				CLANG_WARN_OBJC_LITERAL_CONVERSION = YES;
				CLANG_WARN_OBJC_ROOT_CLASS = YES_ERROR;
				CLANG_WARN_QUOTED_INCLUDE_IN_FRAMEWORK_HEADER = YES;
				CLANG_WARN_RANGE_LOOP_ANALYSIS = YES;
				CLANG_WARN_STRICT_PROTOTYPES = YES;
				CLANG_WARN_SUSPICIOUS_MOVE = YES;
				CLANG_WARN_UNGUARDED_AVAILABILITY = YES_AGGRESSIVE;
				CLANG_WARN_UNREACHABLE_CODE = YES;
				CLANG_WARN__DUPLICATE_METHOD_MATCH = YES;
				COPY_PHASE_STRIP = NO;
				DEBUG_INFORMATION_FORMAT = dwarf;
				ENABLE_STRICT_OBJC_MSGSEND = YES;
				ENABLE_TESTABILITY = YES;
				ENABLE_USER_SCRIPT_SANDBOXING = YES;
				GCC_C_LANGUAGE_STANDARD = gnu17;
				GCC_DYNAMIC_NO_PIC = NO;
				GCC_NO_COMMON_BLOCKS = YES;
				GCC_OPTIMIZATION_LEVEL = 0;
				GCC_PREPROCESSOR_DEFINITIONS = (
					"DEBUG=1",
					"$(inherited)",
				);
				GCC_WARN_64_TO_32_BIT_CONVERSION = YES;
				GCC_WARN_ABOUT_RETURN_TYPE = YES_ERROR;
				GCC_WARN_UNDECLARED_SELECTOR = YES;
				GCC_WARN_UNINITIALIZED_AUTOS = YES_AGGRESSIVE;
				GCC_WARN_UNUSED_FUNCTION = YES;
				GCC_WARN_UNUSED_VARIABLE = YES;
				IPHONEOS_DEPLOYMENT_TARGET = 15.0;
				LOCALIZATION_PREFERS_STRING_CATALOGS = YES;
				MTL_ENABLE_DEBUG_INFO = INCLUDE_SOURCE;
				MTL_FAST_MATH = YES;
				ONLY_ACTIVE_ARCH = YES;
				SDKROOT = iphoneos;
				SWIFT_ACTIVE_COMPILATION_CONDITIONS = "DEBUG $(inherited)";
				SWIFT_OPTIMIZATION_LEVEL = "-Onone";
			};
			name = Debug;
		};
		AF9CDDCA2B50F51D00E02DBF /* Release */ = {
			isa = XCBuildConfiguration;
			buildSettings = {
				ALWAYS_SEARCH_USER_PATHS = NO;
				ASSETCATALOG_COMPILER_GENERATE_SWIFT_ASSET_SYMBOL_EXTENSIONS = YES;
				CLANG_ANALYZER_NONNULL = YES;
				CLANG_ANALYZER_NUMBER_OBJECT_CONVERSION = YES_AGGRESSIVE;
				CLANG_CXX_LANGUAGE_STANDARD = "gnu++20";
				CLANG_ENABLE_MODULES = YES;
				CLANG_ENABLE_OBJC_ARC = YES;
				CLANG_ENABLE_OBJC_WEAK = YES;
				CLANG_WARN_BLOCK_CAPTURE_AUTORELEASING = YES;
				CLANG_WARN_BOOL_CONVERSION = YES;
				CLANG_WARN_COMMA = YES;
				CLANG_WARN_CONSTANT_CONVERSION = YES;
				CLANG_WARN_DEPRECATED_OBJC_IMPLEMENTATIONS = YES;
				CLANG_WARN_DIRECT_OBJC_ISA_USAGE = YES_ERROR;
				CLANG_WARN_DOCUMENTATION_COMMENTS = YES;
				CLANG_WARN_EMPTY_BODY = YES;
				CLANG_WARN_ENUM_CONVERSION = YES;
				CLANG_WARN_INFINITE_RECURSION = YES;
				CLANG_WARN_INT_CONVERSION = YES;
				CLANG_WARN_NON_LITERAL_NULL_CONVERSION = YES;
				CLANG_WARN_OBJC_IMPLICIT_RETAIN_SELF = YES;
				CLANG_WARN_OBJC_LITERAL_CONVERSION = YES;
				CLANG_WARN_OBJC_ROOT_CLASS = YES_ERROR;
				CLANG_WARN_QUOTED_INCLUDE_IN_FRAMEWORK_HEADER = YES;
				CLANG_WARN_RANGE_LOOP_ANALYSIS = YES;
				CLANG_WARN_STRICT_PROTOTYPES = YES;
				CLANG_WARN_SUSPICIOUS_MOVE = YES;
				CLANG_WARN_UNGUARDED_AVAILABILITY = YES_AGGRESSIVE;
				CLANG_WARN_UNREACHABLE_CODE = YES;
				CLANG_WARN__DUPLICATE_METHOD_MATCH = YES;
				COPY_PHASE_STRIP = NO;
				DEBUG_INFORMATION_FORMAT = "dwarf-with-dsym";
				ENABLE_NS_ASSERTIONS = NO;
				ENABLE_STRICT_OBJC_MSGSEND = YES;
				ENABLE_USER_SCRIPT_SANDBOXING = YES;
				GCC_C_LANGUAGE_STANDARD = gnu17;
				GCC_NO_COMMON_BLOCKS = YES;
				GCC_WARN_64_TO_32_BIT_CONVERSION = YES;
				GCC_WARN_ABOUT_RETURN_TYPE = YES_ERROR;
				GCC_WARN_UNDECLARED_SELECTOR = YES;
				GCC_WARN_UNINITIALIZED_AUTOS = YES_AGGRESSIVE;
				GCC_WARN_UNUSED_FUNCTION = YES;
				GCC_WARN_UNUSED_VARIABLE = YES;
				IPHONEOS_DEPLOYMENT_TARGET = 15.0;
				LOCALIZATION_PREFERS_STRING_CATALOGS = YES;
				MTL_ENABLE_DEBUG_INFO = NO;
				MTL_FAST_MATH = YES;
				SDKROOT = iphoneos;
				SWIFT_COMPILATION_MODE = wholemodule;
				VALIDATE_PRODUCT = YES;
			};
			name = Release;
		};
		AF9CDDCC2B50F51D00E02DBF /* Debug */ = {
			isa = XCBuildConfiguration;
			buildSettings = {
				ASSETCATALOG_COMPILER_APPICON_NAME = AppIcon;
				ASSETCATALOG_COMPILER_GLOBAL_ACCENT_COLOR_NAME = AccentColor;
				CODE_SIGN_STYLE = Automatic;
				CURRENT_PROJECT_VERSION = 1;
				DEVELOPMENT_ASSET_PATHS = "\"Fetch-Recipe/Preview Content\"";
				DEVELOPMENT_TEAM = D362DCU3WQ;
				ENABLE_PREVIEWS = YES;
				GENERATE_INFOPLIST_FILE = YES;
				INFOPLIST_KEY_CFBundleDisplayName = "Fetch Challenge";
				INFOPLIST_KEY_LSApplicationCategoryType = "public.app-category.food-and-drink";
				INFOPLIST_KEY_UIApplicationSceneManifest_Generation = YES;
				INFOPLIST_KEY_UIApplicationSupportsIndirectInputEvents = YES;
				INFOPLIST_KEY_UILaunchScreen_Generation = YES;
				INFOPLIST_KEY_UISupportedInterfaceOrientations_iPad = "UIInterfaceOrientationPortrait UIInterfaceOrientationPortraitUpsideDown UIInterfaceOrientationLandscapeLeft UIInterfaceOrientationLandscapeRight";
				INFOPLIST_KEY_UISupportedInterfaceOrientations_iPhone = "UIInterfaceOrientationPortrait UIInterfaceOrientationLandscapeLeft UIInterfaceOrientationLandscapeRight";
				IPHONEOS_DEPLOYMENT_TARGET = 15.0;
				LD_RUNPATH_SEARCH_PATHS = (
					"$(inherited)",
					"@executable_path/Frameworks",
				);
				MARKETING_VERSION = 1.0;
				PRODUCT_BUNDLE_IDENTIFIER = "com.ub.pranav.Fetch-Recipe";
				PRODUCT_NAME = "$(TARGET_NAME)";
				SWIFT_EMIT_LOC_STRINGS = YES;
				SWIFT_VERSION = 5.0;
				TARGETED_DEVICE_FAMILY = "1,2";
			};
			name = Debug;
		};
		AF9CDDCD2B50F51D00E02DBF /* Release */ = {
			isa = XCBuildConfiguration;
			buildSettings = {
				ASSETCATALOG_COMPILER_APPICON_NAME = AppIcon;
				ASSETCATALOG_COMPILER_GLOBAL_ACCENT_COLOR_NAME = AccentColor;
				CODE_SIGN_STYLE = Automatic;
				CURRENT_PROJECT_VERSION = 1;
				DEVELOPMENT_ASSET_PATHS = "\"Fetch-Recipe/Preview Content\"";
				DEVELOPMENT_TEAM = D362DCU3WQ;
				ENABLE_PREVIEWS = YES;
				GENERATE_INFOPLIST_FILE = YES;
				INFOPLIST_KEY_CFBundleDisplayName = "Fetch Challenge";
				INFOPLIST_KEY_LSApplicationCategoryType = "public.app-category.food-and-drink";
				INFOPLIST_KEY_UIApplicationSceneManifest_Generation = YES;
				INFOPLIST_KEY_UIApplicationSupportsIndirectInputEvents = YES;
				INFOPLIST_KEY_UILaunchScreen_Generation = YES;
				INFOPLIST_KEY_UISupportedInterfaceOrientations_iPad = "UIInterfaceOrientationPortrait UIInterfaceOrientationPortraitUpsideDown UIInterfaceOrientationLandscapeLeft UIInterfaceOrientationLandscapeRight";
				INFOPLIST_KEY_UISupportedInterfaceOrientations_iPhone = "UIInterfaceOrientationPortrait UIInterfaceOrientationLandscapeLeft UIInterfaceOrientationLandscapeRight";
				IPHONEOS_DEPLOYMENT_TARGET = 15.0;
				LD_RUNPATH_SEARCH_PATHS = (
					"$(inherited)",
					"@executable_path/Frameworks",
				);
				MARKETING_VERSION = 1.0;
				PRODUCT_BUNDLE_IDENTIFIER = "com.ub.pranav.Fetch-Recipe";
				PRODUCT_NAME = "$(TARGET_NAME)";
				SWIFT_EMIT_LOC_STRINGS = YES;
				SWIFT_VERSION = 5.0;
				TARGETED_DEVICE_FAMILY = "1,2";
			};
			name = Release;
		};
/* End XCBuildConfiguration section */

/* Begin XCConfigurationList section */
		AF9CDDB82B50F51A00E02DBF /* Build configuration list for PBXProject "Fetch-Recipe" */ = {
			isa = XCConfigurationList;
			buildConfigurations = (
				AF9CDDC92B50F51D00E02DBF /* Debug */,
				AF9CDDCA2B50F51D00E02DBF /* Release */,
			);
			defaultConfigurationIsVisible = 0;
			defaultConfigurationName = Release;
		};
		AF9CDDCB2B50F51D00E02DBF /* Build configuration list for PBXNativeTarget "Fetch-Recipe" */ = {
			isa = XCConfigurationList;
			buildConfigurations = (
				AF9CDDCC2B50F51D00E02DBF /* Debug */,
				AF9CDDCD2B50F51D00E02DBF /* Release */,
			);
			defaultConfigurationIsVisible = 0;
			defaultConfigurationName = Release;
		};
/* End XCConfigurationList section */
	};
	rootObject = AF9CDDB52B50F51A00E02DBF /* Project object */;
}
